
Microsoft Visual Studio Solution File, Format Version 12.00
# Visual Studio Version 16
VisualStudioVersion = 16.0.808.10
MinimumVisualStudioVersion = 10.0.40219.1
Project("{2150E333-8FDC-42A3-9474-1A3956D46DE8}") = "Faces", "Faces", "{5CDF8258-3E33-4F17-BD21-0B590D5CD837}"
EndProject
Project("{FAE04EC0-301F-11D3-BF4B-00C04F79EFBC}") = "FacesApi", "FacesApi\FacesApi.csproj", "{AB39610E-8054-42CA-9479-FF42B191CD55}"
EndProject
Project("{FAE04EC0-301F-11D3-BF4B-00C04F79EFBC}") = "FacesApiTest", "FacesApiTest\FacesApiTest.csproj", "{FC4E3E70-D4C2-4FB9-BDC1-FC653C479FC9}"
EndProject
Project("{FAE04EC0-301F-11D3-BF4B-00C04F79EFBC}") = "MessagingCore", "MessagingCore\MessagingCore.csproj", "{50150A10-5128-40B7-B96C-2AB6414DC86E}"
EndProject
Global
	GlobalSection(SolutionConfigurationPlatforms) = preSolution
		Debug|Any CPU = Debug|Any CPU
		Release|Any CPU = Release|Any CPU
	EndGlobalSection
	GlobalSection(ProjectConfigurationPlatforms) = postSolution
		{AB39610E-8054-42CA-9479-FF42B191CD55}.Debug|Any CPU.ActiveCfg = Debug|Any CPU
		{AB39610E-8054-42CA-9479-FF42B191CD55}.Debug|Any CPU.Build.0 = Debug|Any CPU
		{AB39610E-8054-42CA-9479-FF42B191CD55}.Release|Any CPU.ActiveCfg = Release|Any CPU
		{AB39610E-8054-42CA-9479-FF42B191CD55}.Release|Any CPU.Build.0 = Release|Any CPU
		{FC4E3E70-D4C2-4FB9-BDC1-FC653C479FC9}.Debug|Any CPU.ActiveCfg = Debug|Any CPU
		{FC4E3E70-D4C2-4FB9-BDC1-FC653C479FC9}.Debug|Any CPU.Build.0 = Debug|Any CPU
		{FC4E3E70-D4C2-4FB9-BDC1-FC653C479FC9}.Release|Any CPU.ActiveCfg = Release|Any CPU
		{FC4E3E70-D4C2-4FB9-BDC1-FC653C479FC9}.Release|Any CPU.Build.0 = Release|Any CPU
		{50150A10-5128-40B7-B96C-2AB6414DC86E}.Debug|Any CPU.ActiveCfg = Debug|Any CPU
		{50150A10-5128-40B7-B96C-2AB6414DC86E}.Debug|Any CPU.Build.0 = Debug|Any CPU
		{50150A10-5128-40B7-B96C-2AB6414DC86E}.Release|Any CPU.ActiveCfg = Release|Any CPU
		{50150A10-5128-40B7-B96C-2AB6414DC86E}.Release|Any CPU.Build.0 = Release|Any CPU
	EndGlobalSection
	GlobalSection(SolutionProperties) = preSolution
		HideSolutionNode = FALSE
	EndGlobalSection
	GlobalSection(ExtensibilityGlobals) = postSolution
		SolutionGuid = {99302C6D-B4ED-44FF-96AF-F92E5583B880}
	EndGlobalSection
	GlobalSection(NestedProjects) = preSolution
		{AB39610E-8054-42CA-9479-FF42B191CD55} = {5CDF8258-3E33-4F17-BD21-0B590D5CD837}
		{FC4E3E70-D4C2-4FB9-BDC1-FC653C479FC9} = {5CDF8258-3E33-4F17-BD21-0B590D5CD837}
		{50150A10-5128-40B7-B96C-2AB6414DC86E} = {5CDF8258-3E33-4F17-BD21-0B590D5CD837}
	EndGlobalSection
EndGlobal
